
Microsoft Visual Studio Solution File, Format Version 12.00
# Visual Studio 2012
Project("{070BCB52-5A75-4F8C-A973-144AF0EAFCC9}") = "SafeTrakk", "SafeTrakk.iceproj", "{14462FEC-131E-4ACF-9CCE-564A7944CF60}"
EndProject
Global
	GlobalSection(SolutionConfigurationPlatforms) = preSolution
		Debug|Any CPU = Debug|Any CPU
		Release|Any CPU = Release|Any CPU
	EndGlobalSection
	GlobalSection(ProjectConfigurationPlatforms) = postSolution
		{14462FEC-131E-4ACF-9CCE-564A7944CF60}.Debug|Any CPU.ActiveCfg = Debug|Any CPU
		{14462FEC-131E-4ACF-9CCE-564A7944CF60}.Debug|Any CPU.Build.0 = Debug|Any CPU
		{14462FEC-131E-4ACF-9CCE-564A7944CF60}.Release|Any CPU.ActiveCfg = Release|Any CPU
		{14462FEC-131E-4ACF-9CCE-564A7944CF60}.Release|Any CPU.Build.0 = Release|Any CPU
	EndGlobalSection
	GlobalSection(SolutionProperties) = preSolution
		HideSolutionNode = FALSE
	EndGlobalSection
EndGlobal
